
Microsoft Visual Studio Solution File, Format Version 12.00
# Visual Studio Version 16
VisualStudioVersion = 16.0.30204.135
MinimumVisualStudioVersion = 10.0.40219.1
Project("{9A19103F-16F7-4668-BE54-9A1E7A4F7556}") = "Bannerlord.NexusmodsUploader", "Bannerlord.NexusmodsUploader\Bannerlord.NexusmodsUploader.csproj", "{C5E3328E-1E39-4376-A197-51521AB0BDB2}"
EndProject
Global
	GlobalSection(SolutionConfigurationPlatforms) = preSolution
		Debug|Any CPU = Debug|Any CPU
		Release|Any CPU = Release|Any CPU
	EndGlobalSection
	GlobalSection(ProjectConfigurationPlatforms) = postSolution
		{C5E3328E-1E39-4376-A197-51521AB0BDB2}.Debug|Any CPU.ActiveCfg = Debug|Any CPU
		{C5E3328E-1E39-4376-A197-51521AB0BDB2}.Debug|Any CPU.Build.0 = Debug|Any CPU
		{C5E3328E-1E39-4376-A197-51521AB0BDB2}.Release|Any CPU.ActiveCfg = Release|Any CPU
		{C5E3328E-1E39-4376-A197-51521AB0BDB2}.Release|Any CPU.Build.0 = Release|Any CPU
	EndGlobalSection
	GlobalSection(SolutionProperties) = preSolution
		HideSolutionNode = FALSE
	EndGlobalSection
	GlobalSection(ExtensibilityGlobals) = postSolution
		SolutionGuid = {B1031DFC-96F4-4A51-A3DD-E76F6453EE20}
	EndGlobalSection
EndGlobal
